// !$*UTF8*$!
{
	archiveVersion = 1;
	classes = {
	};
	objectVersion = 56;
	objects = {

/* Begin PBXBuildFile section */
		12C5065E2C20E65E0096AE39 /* AppDelegate.swift in Sources */ = {isa = PBXBuildFile; fileRef = 12C5065D2C20E65E0096AE39 /* AppDelegate.swift */; };
		12C506602C20E65E0096AE39 /* SceneDelegate.swift in Sources */ = {isa = PBXBuildFile; fileRef = 12C5065F2C20E65E0096AE39 /* SceneDelegate.swift */; };
		12C506652C20E65E0096AE39 /* Main.storyboard in Resources */ = {isa = PBXBuildFile; fileRef = 12C506632C20E65E0096AE39 /* Main.storyboard */; };
		12C506672C20E65F0096AE39 /* Assets.xcassets in Resources */ = {isa = PBXBuildFile; fileRef = 12C506662C20E65F0096AE39 /* Assets.xcassets */; };
		12C5066A2C20E65F0096AE39 /* LaunchScreen.storyboard in Resources */ = {isa = PBXBuildFile; fileRef = 12C506682C20E65F0096AE39 /* LaunchScreen.storyboard */; };
		12C506722C20EDB00096AE39 /* SplashViewController.swift in Sources */ = {isa = PBXBuildFile; fileRef = 12C506712C20EDB00096AE39 /* SplashViewController.swift */; };
		9F24E4B42C24720B0005FFC7 /* FirebaseAnalytics in Frameworks */ = {isa = PBXBuildFile; productRef = 9F24E4B32C24720B0005FFC7 /* FirebaseAnalytics */; };
		9F24E4B62C24720B0005FFC7 /* FirebaseAnalyticsSwift in Frameworks */ = {isa = PBXBuildFile; productRef = 9F24E4B52C24720B0005FFC7 /* FirebaseAnalyticsSwift */; };
		9F24E4B82C24720B0005FFC7 /* FirebaseAnalyticsWithoutAdIdSupport in Frameworks */ = {isa = PBXBuildFile; productRef = 9F24E4B72C24720B0005FFC7 /* FirebaseAnalyticsWithoutAdIdSupport */; };
		9F24E4BA2C24720B0005FFC7 /* FirebaseAuth in Frameworks */ = {isa = PBXBuildFile; productRef = 9F24E4B92C24720B0005FFC7 /* FirebaseAuth */; };
		9F24E4BC2C24720B0005FFC7 /* FirebaseDatabaseSwift in Frameworks */ = {isa = PBXBuildFile; productRef = 9F24E4BB2C24720B0005FFC7 /* FirebaseDatabaseSwift */; };
		9F24E4BE2C24720B0005FFC7 /* FirebaseFirestore in Frameworks */ = {isa = PBXBuildFile; productRef = 9F24E4BD2C24720B0005FFC7 /* FirebaseFirestore */; };
		9F24E4C02C24720B0005FFC7 /* FirebaseFirestoreSwift in Frameworks */ = {isa = PBXBuildFile; productRef = 9F24E4BF2C24720B0005FFC7 /* FirebaseFirestoreSwift */; };
		9F24E4C22C24720B0005FFC7 /* FirebaseStorage in Frameworks */ = {isa = PBXBuildFile; productRef = 9F24E4C12C24720B0005FFC7 /* FirebaseStorage */; };
		9F24E4C42C24720B0005FFC7 /* FirebaseStorageCombine-Community in Frameworks */ = {isa = PBXBuildFile; productRef = 9F24E4C32C24720B0005FFC7 /* FirebaseStorageCombine-Community */; };
		9F24E4C62C24ABFF0005FFC7 /* RegisterViewController.swift in Sources */ = {isa = PBXBuildFile; fileRef = 9F24E4C52C24ABFF0005FFC7 /* RegisterViewController.swift */; };
		9F24E4C82C24F0210005FFC7 /* HomeViewController.swift in Sources */ = {isa = PBXBuildFile; fileRef = 9F24E4C72C24F0210005FFC7 /* HomeViewController.swift */; };
		9F320DF62C2A0895002284BA /* crearReceta.swift in Sources */ = {isa = PBXBuildFile; fileRef = 9F320DF52C2A0895002284BA /* crearReceta.swift */; };
		9F320DF92C2A10EF002284BA /* receta.swift in Sources */ = {isa = PBXBuildFile; fileRef = 9F320DF82C2A10EF002284BA /* receta.swift */; };
		9F32D3442C2F829F004EEA0B /* TransicionDesvanecimiento.swift in Sources */ = {isa = PBXBuildFile; fileRef = 9F32D3432C2F829F004EEA0B /* TransicionDesvanecimiento.swift */; };
		9F32D3462C2F951F004EEA0B /* PerfilViewController.swift in Sources */ = {isa = PBXBuildFile; fileRef = 9F32D3452C2F951F004EEA0B /* PerfilViewController.swift */; };
		9F32D3482C2FB217004EEA0B /* MapaViewController.swift in Sources */ = {isa = PBXBuildFile; fileRef = 9F32D3472C2FB217004EEA0B /* MapaViewController.swift */; };
		9F32D34A2C2FE42F004EEA0B /* GoogleService-Info.plist in Resources */ = {isa = PBXBuildFile; fileRef = 9F32D3492C2FE42E004EEA0B /* GoogleService-Info.plist */; };
		9F32D34D2C2FE570004EEA0B /* GoogleSignIn in Frameworks */ = {isa = PBXBuildFile; productRef = 9F32D34C2C2FE570004EEA0B /* GoogleSignIn */; };
		9F32D34F2C2FE570004EEA0B /* GoogleSignInSwift in Frameworks */ = {isa = PBXBuildFile; productRef = 9F32D34E2C2FE570004EEA0B /* GoogleSignInSwift */; };
		9F32D3522C3041C9004EEA0B /* SDWebImage in Frameworks */ = {isa = PBXBuildFile; productRef = 9F32D3512C3041C9004EEA0B /* SDWebImage */; };
		9F32D3542C3041C9004EEA0B /* SDWebImageMapKit in Frameworks */ = {isa = PBXBuildFile; productRef = 9F32D3532C3041C9004EEA0B /* SDWebImageMapKit */; };
		9F32D3562C30575F004EEA0B /* listarRecetas.swift in Sources */ = {isa = PBXBuildFile; fileRef = 9F32D3552C30575F004EEA0B /* listarRecetas.swift */; };
		9F49A9942C229F5900C9B555 /* MainViewController.swift in Sources */ = {isa = PBXBuildFile; fileRef = 9F49A9932C229F5900C9B555 /* MainViewController.swift */; };
		9F49A9962C22B31400C9B555 /* LoginViewController.swift in Sources */ = {isa = PBXBuildFile; fileRef = 9F49A9952C22B31400C9B555 /* LoginViewController.swift */; };
		9F89D5912C2CF0600052F7E1 /* RecetaTableViewCell.swift in Sources */ = {isa = PBXBuildFile; fileRef = 9F89D5902C2CF0600052F7E1 /* RecetaTableViewCell.swift */; };
		9FA97A652C31583E0054D006 /* SearchViewController.swift in Sources */ = {isa = PBXBuildFile; fileRef = 9FA97A642C31583E0054D006 /* SearchViewController.swift */; };
		9FE7B93B2C26AF1D00B1CC44 /* EditarRecetaViewController.swift in Sources */ = {isa = PBXBuildFile; fileRef = 9FE7B93A2C26AF1D00B1CC44 /* EditarRecetaViewController.swift */; };
		9FE7B93D2C26AF8700B1CC44 /* VerRecetaViewController.swift in Sources */ = {isa = PBXBuildFile; fileRef = 9FE7B93C2C26AF8700B1CC44 /* VerRecetaViewController.swift */; };
/* End PBXBuildFile section */

/* Begin PBXFileReference section */
		12C5065A2C20E65E0096AE39 /* cookers.app */ = {isa = PBXFileReference; explicitFileType = wrapper.application; includeInIndex = 0; path = cookers.app; sourceTree = BUILT_PRODUCTS_DIR; };
		12C5065D2C20E65E0096AE39 /* AppDelegate.swift */ = {isa = PBXFileReference; lastKnownFileType = sourcecode.swift; path = AppDelegate.swift; sourceTree = "<group>"; };
		12C5065F2C20E65E0096AE39 /* SceneDelegate.swift */ = {isa = PBXFileReference; lastKnownFileType = sourcecode.swift; path = SceneDelegate.swift; sourceTree = "<group>"; };
		12C506642C20E65E0096AE39 /* Base */ = {isa = PBXFileReference; lastKnownFileType = file.storyboard; name = Base; path = Base.lproj/Main.storyboard; sourceTree = "<group>"; };
		12C506662C20E65F0096AE39 /* Assets.xcassets */ = {isa = PBXFileReference; lastKnownFileType = folder.assetcatalog; path = Assets.xcassets; sourceTree = "<group>"; };
		12C506692C20E65F0096AE39 /* Base */ = {isa = PBXFileReference; lastKnownFileType = file.storyboard; name = Base; path = Base.lproj/LaunchScreen.storyboard; sourceTree = "<group>"; };
		12C5066B2C20E65F0096AE39 /* Info.plist */ = {isa = PBXFileReference; lastKnownFileType = text.plist.xml; path = Info.plist; sourceTree = "<group>"; };
		12C506712C20EDB00096AE39 /* SplashViewController.swift */ = {isa = PBXFileReference; lastKnownFileType = sourcecode.swift; path = SplashViewController.swift; sourceTree = "<group>"; };
		9F24E4C52C24ABFF0005FFC7 /* RegisterViewController.swift */ = {isa = PBXFileReference; lastKnownFileType = sourcecode.swift; path = RegisterViewController.swift; sourceTree = "<group>"; };
		9F24E4C72C24F0210005FFC7 /* HomeViewController.swift */ = {isa = PBXFileReference; lastKnownFileType = sourcecode.swift; path = HomeViewController.swift; sourceTree = "<group>"; };
		9F320DF52C2A0895002284BA /* crearReceta.swift */ = {isa = PBXFileReference; lastKnownFileType = sourcecode.swift; path = crearReceta.swift; sourceTree = "<group>"; };
		9F320DF82C2A10EF002284BA /* receta.swift */ = {isa = PBXFileReference; lastKnownFileType = sourcecode.swift; path = receta.swift; sourceTree = "<group>"; };
		9F32D3432C2F829F004EEA0B /* TransicionDesvanecimiento.swift */ = {isa = PBXFileReference; lastKnownFileType = sourcecode.swift; path = TransicionDesvanecimiento.swift; sourceTree = "<group>"; };
		9F32D3452C2F951F004EEA0B /* PerfilViewController.swift */ = {isa = PBXFileReference; lastKnownFileType = sourcecode.swift; path = PerfilViewController.swift; sourceTree = "<group>"; };
		9F32D3472C2FB217004EEA0B /* MapaViewController.swift */ = {isa = PBXFileReference; lastKnownFileType = sourcecode.swift; path = MapaViewController.swift; sourceTree = "<group>"; };
		9F32D3492C2FE42E004EEA0B /* GoogleService-Info.plist */ = {isa = PBXFileReference; fileEncoding = 4; lastKnownFileType = text.plist.xml; path = "GoogleService-Info.plist"; sourceTree = "<group>"; };
		9F32D3552C30575F004EEA0B /* listarRecetas.swift */ = {isa = PBXFileReference; lastKnownFileType = sourcecode.swift; path = listarRecetas.swift; sourceTree = "<group>"; };
		9F49A9932C229F5900C9B555 /* MainViewController.swift */ = {isa = PBXFileReference; lastKnownFileType = sourcecode.swift; path = MainViewController.swift; sourceTree = "<group>"; };
		9F49A9952C22B31400C9B555 /* LoginViewController.swift */ = {isa = PBXFileReference; lastKnownFileType = sourcecode.swift; path = LoginViewController.swift; sourceTree = "<group>"; };
		9F89D5902C2CF0600052F7E1 /* RecetaTableViewCell.swift */ = {isa = PBXFileReference; lastKnownFileType = sourcecode.swift; path = RecetaTableViewCell.swift; sourceTree = "<group>"; };
		9FA97A642C31583E0054D006 /* SearchViewController.swift */ = {isa = PBXFileReference; lastKnownFileType = sourcecode.swift; path = SearchViewController.swift; sourceTree = "<group>"; };
		9FE7B93A2C26AF1D00B1CC44 /* EditarRecetaViewController.swift */ = {isa = PBXFileReference; lastKnownFileType = sourcecode.swift; path = EditarRecetaViewController.swift; sourceTree = "<group>"; };
		9FE7B93C2C26AF8700B1CC44 /* VerRecetaViewController.swift */ = {isa = PBXFileReference; lastKnownFileType = sourcecode.swift; path = VerRecetaViewController.swift; sourceTree = "<group>"; };
/* End PBXFileReference section */

/* Begin PBXFrameworksBuildPhase section */
		12C506572C20E65E0096AE39 /* Frameworks */ = {
			isa = PBXFrameworksBuildPhase;
			buildActionMask = 2147483647;
			files = (
				9F24E4BC2C24720B0005FFC7 /* FirebaseDatabaseSwift in Frameworks */,
				9F24E4B62C24720B0005FFC7 /* FirebaseAnalyticsSwift in Frameworks */,
				9F32D3542C3041C9004EEA0B /* SDWebImageMapKit in Frameworks */,
				9F24E4B82C24720B0005FFC7 /* FirebaseAnalyticsWithoutAdIdSupport in Frameworks */,
				9F24E4C02C24720B0005FFC7 /* FirebaseFirestoreSwift in Frameworks */,
				9F24E4B42C24720B0005FFC7 /* FirebaseAnalytics in Frameworks */,
				9F32D34D2C2FE570004EEA0B /* GoogleSignIn in Frameworks */,
				9F32D3522C3041C9004EEA0B /* SDWebImage in Frameworks */,
				9F24E4C22C24720B0005FFC7 /* FirebaseStorage in Frameworks */,
				9F24E4BA2C24720B0005FFC7 /* FirebaseAuth in Frameworks */,
				9F24E4C42C24720B0005FFC7 /* FirebaseStorageCombine-Community in Frameworks */,
				9F24E4BE2C24720B0005FFC7 /* FirebaseFirestore in Frameworks */,
				9F32D34F2C2FE570004EEA0B /* GoogleSignInSwift in Frameworks */,
			);
			runOnlyForDeploymentPostprocessing = 0;
		};
/* End PBXFrameworksBuildPhase section */

/* Begin PBXGroup section */
		12C506512C20E65E0096AE39 = {
			isa = PBXGroup;
			children = (
				12C5065C2C20E65E0096AE39 /* cookers */,
				12C5065B2C20E65E0096AE39 /* Products */,
			);
			sourceTree = "<group>";
		};
		12C5065B2C20E65E0096AE39 /* Products */ = {
			isa = PBXGroup;
			children = (
				12C5065A2C20E65E0096AE39 /* cookers.app */,
			);
			name = Products;
			sourceTree = "<group>";
		};
		12C5065C2C20E65E0096AE39 /* cookers */ = {
			isa = PBXGroup;
			children = (
				9F320DF72C2A10B3002284BA /* types */,
				9F320DF42C29FAF3002284BA /* viewControllers */,
				12C5065D2C20E65E0096AE39 /* AppDelegate.swift */,
				12C5065F2C20E65E0096AE39 /* SceneDelegate.swift */,
				12C506632C20E65E0096AE39 /* Main.storyboard */,
				12C506662C20E65F0096AE39 /* Assets.xcassets */,
				12C506682C20E65F0096AE39 /* LaunchScreen.storyboard */,
				12C5066B2C20E65F0096AE39 /* Info.plist */,
				9F32D3492C2FE42E004EEA0B /* GoogleService-Info.plist */,
			);
			path = cookers;
			sourceTree = "<group>";
		};
		9F320DF42C29FAF3002284BA /* viewControllers */ = {
			isa = PBXGroup;
			children = (
				9F24E4C52C24ABFF0005FFC7 /* RegisterViewController.swift */,
				9FE7B93A2C26AF1D00B1CC44 /* EditarRecetaViewController.swift */,
				9FE7B93C2C26AF8700B1CC44 /* VerRecetaViewController.swift */,
				9F24E4C72C24F0210005FFC7 /* HomeViewController.swift */,
				9F49A9932C229F5900C9B555 /* MainViewController.swift */,
				9F49A9952C22B31400C9B555 /* LoginViewController.swift */,
				12C506712C20EDB00096AE39 /* SplashViewController.swift */,
				9F320DF52C2A0895002284BA /* crearReceta.swift */,
				9F89D5902C2CF0600052F7E1 /* RecetaTableViewCell.swift */,
				9F32D3432C2F829F004EEA0B /* TransicionDesvanecimiento.swift */,
				9F32D3452C2F951F004EEA0B /* PerfilViewController.swift */,
				9F32D3472C2FB217004EEA0B /* MapaViewController.swift */,
				9F32D3552C30575F004EEA0B /* listarRecetas.swift */,
				9FA97A642C31583E0054D006 /* SearchViewController.swift */,
			);
			path = viewControllers;
			sourceTree = "<group>";
		};
		9F320DF72C2A10B3002284BA /* types */ = {
			isa = PBXGroup;
			children = (
				9F320DF82C2A10EF002284BA /* receta.swift */,
			);
			path = types;
			sourceTree = "<group>";
		};
/* End PBXGroup section */

/* Begin PBXNativeTarget section */
		12C506592C20E65E0096AE39 /* cookers */ = {
			isa = PBXNativeTarget;
			buildConfigurationList = 12C5066E2C20E65F0096AE39 /* Build configuration list for PBXNativeTarget "cookers" */;
			buildPhases = (
				12C506562C20E65E0096AE39 /* Sources */,
				12C506572C20E65E0096AE39 /* Frameworks */,
				12C506582C20E65E0096AE39 /* Resources */,
			);
			buildRules = (
			);
			dependencies = (
			);
			name = cookers;
			packageProductDependencies = (
				9F24E4B32C24720B0005FFC7 /* FirebaseAnalytics */,
				9F24E4B52C24720B0005FFC7 /* FirebaseAnalyticsSwift */,
				9F24E4B72C24720B0005FFC7 /* FirebaseAnalyticsWithoutAdIdSupport */,
				9F24E4B92C24720B0005FFC7 /* FirebaseAuth */,
				9F24E4BB2C24720B0005FFC7 /* FirebaseDatabaseSwift */,
				9F24E4BD2C24720B0005FFC7 /* FirebaseFirestore */,
				9F24E4BF2C24720B0005FFC7 /* FirebaseFirestoreSwift */,
				9F24E4C12C24720B0005FFC7 /* FirebaseStorage */,
				9F24E4C32C24720B0005FFC7 /* FirebaseStorageCombine-Community */,
				9F32D34C2C2FE570004EEA0B /* GoogleSignIn */,
				9F32D34E2C2FE570004EEA0B /* GoogleSignInSwift */,
				9F32D3512C3041C9004EEA0B /* SDWebImage */,
				9F32D3532C3041C9004EEA0B /* SDWebImageMapKit */,
			);
			productName = cookers;
			productReference = 12C5065A2C20E65E0096AE39 /* cookers.app */;
			productType = "com.apple.product-type.application";
		};
/* End PBXNativeTarget section */

/* Begin PBXProject section */
		12C506522C20E65E0096AE39 /* Project object */ = {
			isa = PBXProject;
			attributes = {
				BuildIndependentTargetsInParallel = 1;
				LastSwiftUpdateCheck = 1430;
				LastUpgradeCheck = 1430;
				TargetAttributes = {
					12C506592C20E65E0096AE39 = {
						CreatedOnToolsVersion = 14.3.1;
					};
				};
			};
			buildConfigurationList = 12C506552C20E65E0096AE39 /* Build configuration list for PBXProject "cookers" */;
			compatibilityVersion = "Xcode 14.0";
			developmentRegion = en;
			hasScannedForEncodings = 0;
			knownRegions = (
				en,
				Base,
			);
			mainGroup = 12C506512C20E65E0096AE39;
			packageReferences = (
				9F24E4B22C24720B0005FFC7 /* XCRemoteSwiftPackageReference "firebase-ios-sdk" */,
				9F32D34B2C2FE570004EEA0B /* XCRemoteSwiftPackageReference "GoogleSignIn-iOS" */,
				9F32D3502C3041C9004EEA0B /* XCRemoteSwiftPackageReference "SDWebImage" */,
			);
			productRefGroup = 12C5065B2C20E65E0096AE39 /* Products */;
			projectDirPath = "";
			projectRoot = "";
			targets = (
				12C506592C20E65E0096AE39 /* cookers */,
			);
		};
/* End PBXProject section */

/* Begin PBXResourcesBuildPhase section */
		12C506582C20E65E0096AE39 /* Resources */ = {
			isa = PBXResourcesBuildPhase;
			buildActionMask = 2147483647;
			files = (
				12C5066A2C20E65F0096AE39 /* LaunchScreen.storyboard in Resources */,
				9F32D34A2C2FE42F004EEA0B /* GoogleService-Info.plist in Resources */,
				12C506672C20E65F0096AE39 /* Assets.xcassets in Resources */,
				12C506652C20E65E0096AE39 /* Main.storyboard in Resources */,
			);
			runOnlyForDeploymentPostprocessing = 0;
		};
/* End PBXResourcesBuildPhase section */

/* Begin PBXSourcesBuildPhase section */
		12C506562C20E65E0096AE39 /* Sources */ = {
			isa = PBXSourcesBuildPhase;
			buildActionMask = 2147483647;
			files = (
				9FE7B93B2C26AF1D00B1CC44 /* EditarRecetaViewController.swift in Sources */,
				9F320DF62C2A0895002284BA /* crearReceta.swift in Sources */,
				9F32D3442C2F829F004EEA0B /* TransicionDesvanecimiento.swift in Sources */,
				9FA97A652C31583E0054D006 /* SearchViewController.swift in Sources */,
				9F49A9962C22B31400C9B555 /* LoginViewController.swift in Sources */,
				12C5065E2C20E65E0096AE39 /* AppDelegate.swift in Sources */,
				9F32D3562C30575F004EEA0B /* listarRecetas.swift in Sources */,
				9FE7B93D2C26AF8700B1CC44 /* VerRecetaViewController.swift in Sources */,
				12C506602C20E65E0096AE39 /* SceneDelegate.swift in Sources */,
				9F24E4C62C24ABFF0005FFC7 /* RegisterViewController.swift in Sources */,
				9F89D5912C2CF0600052F7E1 /* RecetaTableViewCell.swift in Sources */,
				12C506722C20EDB00096AE39 /* SplashViewController.swift in Sources */,
				9F32D3482C2FB217004EEA0B /* MapaViewController.swift in Sources */,
				9F32D3462C2F951F004EEA0B /* PerfilViewController.swift in Sources */,
				9F24E4C82C24F0210005FFC7 /* HomeViewController.swift in Sources */,
				9F49A9942C229F5900C9B555 /* MainViewController.swift in Sources */,
				9F320DF92C2A10EF002284BA /* receta.swift in Sources */,
			);
			runOnlyForDeploymentPostprocessing = 0;
		};
/* End PBXSourcesBuildPhase section */

/* Begin PBXVariantGroup section */
		12C506632C20E65E0096AE39 /* Main.storyboard */ = {
			isa = PBXVariantGroup;
			children = (
				12C506642C20E65E0096AE39 /* Base */,
			);
			name = Main.storyboard;
			sourceTree = "<group>";
		};
		12C506682C20E65F0096AE39 /* LaunchScreen.storyboard */ = {
			isa = PBXVariantGroup;
			children = (
				12C506692C20E65F0096AE39 /* Base */,
			);
			name = LaunchScreen.storyboard;
			sourceTree = "<group>";
		};
/* End PBXVariantGroup section */

/* Begin XCBuildConfiguration section */
		12C5066C2C20E65F0096AE39 /* Debug */ = {
			isa = XCBuildConfiguration;
			buildSettings = {
				ALWAYS_SEARCH_USER_PATHS = NO;
				CLANG_ANALYZER_NONNULL = YES;
				CLANG_ANALYZER_NUMBER_OBJECT_CONVERSION = YES_AGGRESSIVE;
				CLANG_CXX_LANGUAGE_STANDARD = "gnu++20";
				CLANG_ENABLE_MODULES = YES;
				CLANG_ENABLE_OBJC_ARC = YES;
				CLANG_ENABLE_OBJC_WEAK = YES;
				CLANG_WARN_BLOCK_CAPTURE_AUTORELEASING = YES;
				CLANG_WARN_BOOL_CONVERSION = YES;
				CLANG_WARN_COMMA = YES;
				CLANG_WARN_CONSTANT_CONVERSION = YES;
				CLANG_WARN_DEPRECATED_OBJC_IMPLEMENTATIONS = YES;
				CLANG_WARN_DIRECT_OBJC_ISA_USAGE = YES_ERROR;
				CLANG_WARN_DOCUMENTATION_COMMENTS = YES;
				CLANG_WARN_EMPTY_BODY = YES;
				CLANG_WARN_ENUM_CONVERSION = YES;
				CLANG_WARN_INFINITE_RECURSION = YES;
				CLANG_WARN_INT_CONVERSION = YES;
				CLANG_WARN_NON_LITERAL_NULL_CONVERSION = YES;
				CLANG_WARN_OBJC_IMPLICIT_RETAIN_SELF = YES;
				CLANG_WARN_OBJC_LITERAL_CONVERSION = YES;
				CLANG_WARN_OBJC_ROOT_CLASS = YES_ERROR;
				CLANG_WARN_QUOTED_INCLUDE_IN_FRAMEWORK_HEADER = YES;
				CLANG_WARN_RANGE_LOOP_ANALYSIS = YES;
				CLANG_WARN_STRICT_PROTOTYPES = YES;
				CLANG_WARN_SUSPICIOUS_MOVE = YES;
				CLANG_WARN_UNGUARDED_AVAILABILITY = YES_AGGRESSIVE;
				CLANG_WARN_UNREACHABLE_CODE = YES;
				CLANG_WARN__DUPLICATE_METHOD_MATCH = YES;
				COPY_PHASE_STRIP = NO;
				DEBUG_INFORMATION_FORMAT = dwarf;
				ENABLE_STRICT_OBJC_MSGSEND = YES;
				ENABLE_TESTABILITY = YES;
				GCC_C_LANGUAGE_STANDARD = gnu11;
				GCC_DYNAMIC_NO_PIC = NO;
				GCC_NO_COMMON_BLOCKS = YES;
				GCC_OPTIMIZATION_LEVEL = 0;
				GCC_PREPROCESSOR_DEFINITIONS = (
					"DEBUG=1",
					"$(inherited)",
				);
				GCC_WARN_64_TO_32_BIT_CONVERSION = YES;
				GCC_WARN_ABOUT_RETURN_TYPE = YES_ERROR;
				GCC_WARN_UNDECLARED_SELECTOR = YES;
				GCC_WARN_UNINITIALIZED_AUTOS = YES_AGGRESSIVE;
				GCC_WARN_UNUSED_FUNCTION = YES;
				GCC_WARN_UNUSED_VARIABLE = YES;
				IPHONEOS_DEPLOYMENT_TARGET = 16.4;
				MTL_ENABLE_DEBUG_INFO = INCLUDE_SOURCE;
				MTL_FAST_MATH = YES;
				ONLY_ACTIVE_ARCH = YES;
				SDKROOT = iphoneos;
				SWIFT_ACTIVE_COMPILATION_CONDITIONS = DEBUG;
				SWIFT_OPTIMIZATION_LEVEL = "-Onone";
			};
			name = Debug;
		};
		12C5066D2C20E65F0096AE39 /* Release */ = {
			isa = XCBuildConfiguration;
			buildSettings = {
				ALWAYS_SEARCH_USER_PATHS = NO;
				CLANG_ANALYZER_NONNULL = YES;
				CLANG_ANALYZER_NUMBER_OBJECT_CONVERSION = YES_AGGRESSIVE;
				CLANG_CXX_LANGUAGE_STANDARD = "gnu++20";
				CLANG_ENABLE_MODULES = YES;
				CLANG_ENABLE_OBJC_ARC = YES;
				CLANG_ENABLE_OBJC_WEAK = YES;
				CLANG_WARN_BLOCK_CAPTURE_AUTORELEASING = YES;
				CLANG_WARN_BOOL_CONVERSION = YES;
				CLANG_WARN_COMMA = YES;
				CLANG_WARN_CONSTANT_CONVERSION = YES;
				CLANG_WARN_DEPRECATED_OBJC_IMPLEMENTATIONS = YES;
				CLANG_WARN_DIRECT_OBJC_ISA_USAGE = YES_ERROR;
				CLANG_WARN_DOCUMENTATION_COMMENTS = YES;
				CLANG_WARN_EMPTY_BODY = YES;
				CLANG_WARN_ENUM_CONVERSION = YES;
				CLANG_WARN_INFINITE_RECURSION = YES;
				CLANG_WARN_INT_CONVERSION = YES;
				CLANG_WARN_NON_LITERAL_NULL_CONVERSION = YES;
				CLANG_WARN_OBJC_IMPLICIT_RETAIN_SELF = YES;
				CLANG_WARN_OBJC_LITERAL_CONVERSION = YES;
				CLANG_WARN_OBJC_ROOT_CLASS = YES_ERROR;
				CLANG_WARN_QUOTED_INCLUDE_IN_FRAMEWORK_HEADER = YES;
				CLANG_WARN_RANGE_LOOP_ANALYSIS = YES;
				CLANG_WARN_STRICT_PROTOTYPES = YES;
				CLANG_WARN_SUSPICIOUS_MOVE = YES;
				CLANG_WARN_UNGUARDED_AVAILABILITY = YES_AGGRESSIVE;
				CLANG_WARN_UNREACHABLE_CODE = YES;
				CLANG_WARN__DUPLICATE_METHOD_MATCH = YES;
				COPY_PHASE_STRIP = NO;
				DEBUG_INFORMATION_FORMAT = "dwarf-with-dsym";
				ENABLE_NS_ASSERTIONS = NO;
				ENABLE_STRICT_OBJC_MSGSEND = YES;
				GCC_C_LANGUAGE_STANDARD = gnu11;
				GCC_NO_COMMON_BLOCKS = YES;
				GCC_WARN_64_TO_32_BIT_CONVERSION = YES;
				GCC_WARN_ABOUT_RETURN_TYPE = YES_ERROR;
				GCC_WARN_UNDECLARED_SELECTOR = YES;
				GCC_WARN_UNINITIALIZED_AUTOS = YES_AGGRESSIVE;
				GCC_WARN_UNUSED_FUNCTION = YES;
				GCC_WARN_UNUSED_VARIABLE = YES;
				IPHONEOS_DEPLOYMENT_TARGET = 16.4;
				MTL_ENABLE_DEBUG_INFO = NO;
				MTL_FAST_MATH = YES;
				SDKROOT = iphoneos;
				SWIFT_COMPILATION_MODE = wholemodule;
				SWIFT_OPTIMIZATION_LEVEL = "-O";
				VALIDATE_PRODUCT = YES;
			};
			name = Release;
		};
		12C5066F2C20E65F0096AE39 /* Debug */ = {
			isa = XCBuildConfiguration;
			buildSettings = {
				ASSETCATALOG_COMPILER_APPICON_NAME = AppIcon;
				ASSETCATALOG_COMPILER_GLOBAL_ACCENT_COLOR_NAME = AccentColor;
				CODE_SIGN_STYLE = Automatic;
				CURRENT_PROJECT_VERSION = 1;
				GENERATE_INFOPLIST_FILE = YES;
				INFOPLIST_FILE = cookers/Info.plist;
				INFOPLIST_KEY_UIApplicationSupportsIndirectInputEvents = YES;
				INFOPLIST_KEY_UILaunchStoryboardName = LaunchScreen;
				INFOPLIST_KEY_UIMainStoryboardFile = Main;
				INFOPLIST_KEY_UISupportedInterfaceOrientations_iPad = "UIInterfaceOrientationPortrait UIInterfaceOrientationPortraitUpsideDown UIInterfaceOrientationLandscapeLeft UIInterfaceOrientationLandscapeRight";
				INFOPLIST_KEY_UISupportedInterfaceOrientations_iPhone = "UIInterfaceOrientationPortrait UIInterfaceOrientationLandscapeLeft UIInterfaceOrientationLandscapeRight";
				LD_RUNPATH_SEARCH_PATHS = (
					"$(inherited)",
					"@executable_path/Frameworks",
				);
				MARKETING_VERSION = 1.0;
				PRODUCT_BUNDLE_IDENTIFIER = deah.cookers;
				PRODUCT_NAME = "$(TARGET_NAME)";
				SWIFT_EMIT_LOC_STRINGS = YES;
				SWIFT_VERSION = 5.0;
				TARGETED_DEVICE_FAMILY = "1,2";
			};
			name = Debug;
		};
		12C506702C20E65F0096AE39 /* Release */ = {
			isa = XCBuildConfiguration;
			buildSettings = {
				ASSETCATALOG_COMPILER_APPICON_NAME = AppIcon;
				ASSETCATALOG_COMPILER_GLOBAL_ACCENT_COLOR_NAME = AccentColor;
				CODE_SIGN_STYLE = Automatic;
				CURRENT_PROJECT_VERSION = 1;
				GENERATE_INFOPLIST_FILE = YES;
				INFOPLIST_FILE = cookers/Info.plist;
				INFOPLIST_KEY_UIApplicationSupportsIndirectInputEvents = YES;
				INFOPLIST_KEY_UILaunchStoryboardName = LaunchScreen;
				INFOPLIST_KEY_UIMainStoryboardFile = Main;
				INFOPLIST_KEY_UISupportedInterfaceOrientations_iPad = "UIInterfaceOrientationPortrait UIInterfaceOrientationPortraitUpsideDown UIInterfaceOrientationLandscapeLeft UIInterfaceOrientationLandscapeRight";
				INFOPLIST_KEY_UISupportedInterfaceOrientations_iPhone = "UIInterfaceOrientationPortrait UIInterfaceOrientationLandscapeLeft UIInterfaceOrientationLandscapeRight";
				LD_RUNPATH_SEARCH_PATHS = (
					"$(inherited)",
					"@executable_path/Frameworks",
				);
				MARKETING_VERSION = 1.0;
				PRODUCT_BUNDLE_IDENTIFIER = deah.cookers;
				PRODUCT_NAME = "$(TARGET_NAME)";
				SWIFT_EMIT_LOC_STRINGS = YES;
				SWIFT_VERSION = 5.0;
				TARGETED_DEVICE_FAMILY = "1,2";
			};
			name = Release;
		};
/* End XCBuildConfiguration section */

/* Begin XCConfigurationList section */
		12C506552C20E65E0096AE39 /* Build configuration list for PBXProject "cookers" */ = {
			isa = XCConfigurationList;
			buildConfigurations = (
				12C5066C2C20E65F0096AE39 /* Debug */,
				12C5066D2C20E65F0096AE39 /* Release */,
			);
			defaultConfigurationIsVisible = 0;
			defaultConfigurationName = Release;
		};
		12C5066E2C20E65F0096AE39 /* Build configuration list for PBXNativeTarget "cookers" */ = {
			isa = XCConfigurationList;
			buildConfigurations = (
				12C5066F2C20E65F0096AE39 /* Debug */,
				12C506702C20E65F0096AE39 /* Release */,
			);
			defaultConfigurationIsVisible = 0;
			defaultConfigurationName = Release;
		};
/* End XCConfigurationList section */

/* Begin XCRemoteSwiftPackageReference section */
		9F24E4B22C24720B0005FFC7 /* XCRemoteSwiftPackageReference "firebase-ios-sdk" */ = {
			isa = XCRemoteSwiftPackageReference;
			repositoryURL = "https://github.com/firebase/firebase-ios-sdk";
			requirement = {
				kind = upToNextMajorVersion;
				minimumVersion = 10.28.0;
			};
		};
		9F32D34B2C2FE570004EEA0B /* XCRemoteSwiftPackageReference "GoogleSignIn-iOS" */ = {
			isa = XCRemoteSwiftPackageReference;
			repositoryURL = "https://github.com/google/GoogleSignIn-iOS";
			requirement = {
				kind = upToNextMajorVersion;
				minimumVersion = 7.1.0;
			};
		};
		9F32D3502C3041C9004EEA0B /* XCRemoteSwiftPackageReference "SDWebImage" */ = {
			isa = XCRemoteSwiftPackageReference;
			repositoryURL = "https://github.com/SDWebImage/SDWebImage.git";
			requirement = {
				kind = upToNextMajorVersion;
				minimumVersion = 5.19.3;
			};
		};
/* End XCRemoteSwiftPackageReference section */

/* Begin XCSwiftPackageProductDependency section */
		9F24E4B32C24720B0005FFC7 /* FirebaseAnalytics */ = {
			isa = XCSwiftPackageProductDependency;
			package = 9F24E4B22C24720B0005FFC7 /* XCRemoteSwiftPackageReference "firebase-ios-sdk" */;
			productName = FirebaseAnalytics;
		};
		9F24E4B52C24720B0005FFC7 /* FirebaseAnalyticsSwift */ = {
			isa = XCSwiftPackageProductDependency;
			package = 9F24E4B22C24720B0005FFC7 /* XCRemoteSwiftPackageReference "firebase-ios-sdk" */;
			productName = FirebaseAnalyticsSwift;
		};
		9F24E4B72C24720B0005FFC7 /* FirebaseAnalyticsWithoutAdIdSupport */ = {
			isa = XCSwiftPackageProductDependency;
			package = 9F24E4B22C24720B0005FFC7 /* XCRemoteSwiftPackageReference "firebase-ios-sdk" */;
			productName = FirebaseAnalyticsWithoutAdIdSupport;
		};
		9F24E4B92C24720B0005FFC7 /* FirebaseAuth */ = {
			isa = XCSwiftPackageProductDependency;
			package = 9F24E4B22C24720B0005FFC7 /* XCRemoteSwiftPackageReference "firebase-ios-sdk" */;
			productName = FirebaseAuth;
		};
		9F24E4BB2C24720B0005FFC7 /* FirebaseDatabaseSwift */ = {
			isa = XCSwiftPackageProductDependency;
			package = 9F24E4B22C24720B0005FFC7 /* XCRemoteSwiftPackageReference "firebase-ios-sdk" */;
			productName = FirebaseDatabaseSwift;
		};
		9F24E4BD2C24720B0005FFC7 /* FirebaseFirestore */ = {
			isa = XCSwiftPackageProductDependency;
			package = 9F24E4B22C24720B0005FFC7 /* XCRemoteSwiftPackageReference "firebase-ios-sdk" */;
			productName = FirebaseFirestore;
		};
		9F24E4BF2C24720B0005FFC7 /* FirebaseFirestoreSwift */ = {
			isa = XCSwiftPackageProductDependency;
			package = 9F24E4B22C24720B0005FFC7 /* XCRemoteSwiftPackageReference "firebase-ios-sdk" */;
			productName = FirebaseFirestoreSwift;
		};
		9F24E4C12C24720B0005FFC7 /* FirebaseStorage */ = {
			isa = XCSwiftPackageProductDependency;
			package = 9F24E4B22C24720B0005FFC7 /* XCRemoteSwiftPackageReference "firebase-ios-sdk" */;
			productName = FirebaseStorage;
		};
		9F24E4C32C24720B0005FFC7 /* FirebaseStorageCombine-Community */ = {
			isa = XCSwiftPackageProductDependency;
			package = 9F24E4B22C24720B0005FFC7 /* XCRemoteSwiftPackageReference "firebase-ios-sdk" */;
			productName = "FirebaseStorageCombine-Community";
		};
		9F32D34C2C2FE570004EEA0B /* GoogleSignIn */ = {
			isa = XCSwiftPackageProductDependency;
			package = 9F32D34B2C2FE570004EEA0B /* XCRemoteSwiftPackageReference "GoogleSignIn-iOS" */;
			productName = GoogleSignIn;
		};
		9F32D34E2C2FE570004EEA0B /* GoogleSignInSwift */ = {
			isa = XCSwiftPackageProductDependency;
			package = 9F32D34B2C2FE570004EEA0B /* XCRemoteSwiftPackageReference "GoogleSignIn-iOS" */;
			productName = GoogleSignInSwift;
		};
		9F32D3512C3041C9004EEA0B /* SDWebImage */ = {
			isa = XCSwiftPackageProductDependency;
			package = 9F32D3502C3041C9004EEA0B /* XCRemoteSwiftPackageReference "SDWebImage" */;
			productName = SDWebImage;
		};
		9F32D3532C3041C9004EEA0B /* SDWebImageMapKit */ = {
			isa = XCSwiftPackageProductDependency;
			package = 9F32D3502C3041C9004EEA0B /* XCRemoteSwiftPackageReference "SDWebImage" */;
			productName = SDWebImageMapKit;
		};
/* End XCSwiftPackageProductDependency section */
	};
	rootObject = 12C506522C20E65E0096AE39 /* Project object */;
}
